// !$*UTF8*$!
{
	archiveVersion = 1;
	classes = {
	};
	objectVersion = 50;
	objects = {

/* Begin PBXBuildFile section */
		19EA5A2323B7328A00C8DDD9 /* AppDelegate.swift in Sources */ = {isa = PBXBuildFile; fileRef = 19EA5A2223B7328A00C8DDD9 /* AppDelegate.swift */; };
		19EA5A2523B7328A00C8DDD9 /* SceneDelegate.swift in Sources */ = {isa = PBXBuildFile; fileRef = 19EA5A2423B7328A00C8DDD9 /* SceneDelegate.swift */; };
		19EA5A2C23B7328C00C8DDD9 /* Assets.xcassets in Resources */ = {isa = PBXBuildFile; fileRef = 19EA5A2B23B7328C00C8DDD9 /* Assets.xcassets */; };
		19EA5A2F23B7328C00C8DDD9 /* LaunchScreen.storyboard in Resources */ = {isa = PBXBuildFile; fileRef = 19EA5A2D23B7328C00C8DDD9 /* LaunchScreen.storyboard */; };
		19EA5A3A23B7328C00C8DDD9 /* YiTests.swift in Sources */ = {isa = PBXBuildFile; fileRef = 19EA5A3923B7328C00C8DDD9 /* YiTests.swift */; };
		19EA5A4523B7328C00C8DDD9 /* YiUITests.swift in Sources */ = {isa = PBXBuildFile; fileRef = 19EA5A4423B7328C00C8DDD9 /* YiUITests.swift */; };
		19EA5A5623B7330500C8DDD9 /* ReadMainVC_Yi.swift in Sources */ = {isa = PBXBuildFile; fileRef = 19EA5A5423B7330500C8DDD9 /* ReadMainVC_Yi.swift */; };
		19EA5A5723B7330500C8DDD9 /* ReadMainVC_Yi.xib in Resources */ = {isa = PBXBuildFile; fileRef = 19EA5A5523B7330500C8DDD9 /* ReadMainVC_Yi.xib */; };
		19EA5A5B23B73AFA00C8DDD9 /* String+Extension.swift in Sources */ = {isa = PBXBuildFile; fileRef = 19EA5A5A23B73AFA00C8DDD9 /* String+Extension.swift */; };
		19EA5A6023B7407600C8DDD9 /* HomeViewController.swift in Sources */ = {isa = PBXBuildFile; fileRef = 19EA5A5E23B7407600C8DDD9 /* HomeViewController.swift */; };
		19EA5A6123B7407600C8DDD9 /* HomeViewController.xib in Resources */ = {isa = PBXBuildFile; fileRef = 19EA5A5F23B7407600C8DDD9 /* HomeViewController.xib */; };
		229B44126917A6D2C701917F /* Pods_Yi.framework in Frameworks */ = {isa = PBXBuildFile; fileRef = B2586C1001627CB7ADB0285A /* Pods_Yi.framework */; };
/* End PBXBuildFile section */

/* Begin PBXContainerItemProxy section */
		19EA5A3623B7328C00C8DDD9 /* PBXContainerItemProxy */ = {
			isa = PBXContainerItemProxy;
			containerPortal = 19EA5A1723B7328A00C8DDD9 /* Project object */;
			proxyType = 1;
			remoteGlobalIDString = 19EA5A1E23B7328A00C8DDD9;
			remoteInfo = Yi;
		};
		19EA5A4123B7328C00C8DDD9 /* PBXContainerItemProxy */ = {
			isa = PBXContainerItemProxy;
			containerPortal = 19EA5A1723B7328A00C8DDD9 /* Project object */;
			proxyType = 1;
			remoteGlobalIDString = 19EA5A1E23B7328A00C8DDD9;
			remoteInfo = Yi;
		};
/* End PBXContainerItemProxy section */

/* Begin PBXFileReference section */
		19EA5A1F23B7328A00C8DDD9 /* Yi.app */ = {isa = PBXFileReference; explicitFileType = wrapper.application; includeInIndex = 0; path = Yi.app; sourceTree = BUILT_PRODUCTS_DIR; };
		19EA5A2223B7328A00C8DDD9 /* AppDelegate.swift */ = {isa = PBXFileReference; lastKnownFileType = sourcecode.swift; path = AppDelegate.swift; sourceTree = "<group>"; };
		19EA5A2423B7328A00C8DDD9 /* SceneDelegate.swift */ = {isa = PBXFileReference; lastKnownFileType = sourcecode.swift; path = SceneDelegate.swift; sourceTree = "<group>"; };
		19EA5A2B23B7328C00C8DDD9 /* Assets.xcassets */ = {isa = PBXFileReference; lastKnownFileType = folder.assetcatalog; path = Assets.xcassets; sourceTree = "<group>"; };
		19EA5A2E23B7328C00C8DDD9 /* Base */ = {isa = PBXFileReference; lastKnownFileType = file.storyboard; name = Base; path = Base.lproj/LaunchScreen.storyboard; sourceTree = "<group>"; };
		19EA5A3023B7328C00C8DDD9 /* Info.plist */ = {isa = PBXFileReference; lastKnownFileType = text.plist.xml; path = Info.plist; sourceTree = "<group>"; };
		19EA5A3523B7328C00C8DDD9 /* YiTests.xctest */ = {isa = PBXFileReference; explicitFileType = wrapper.cfbundle; includeInIndex = 0; path = YiTests.xctest; sourceTree = BUILT_PRODUCTS_DIR; };
		19EA5A3923B7328C00C8DDD9 /* YiTests.swift */ = {isa = PBXFileReference; lastKnownFileType = sourcecode.swift; path = YiTests.swift; sourceTree = "<group>"; };
		19EA5A3B23B7328C00C8DDD9 /* Info.plist */ = {isa = PBXFileReference; lastKnownFileType = text.plist.xml; path = Info.plist; sourceTree = "<group>"; };
		19EA5A4023B7328C00C8DDD9 /* YiUITests.xctest */ = {isa = PBXFileReference; explicitFileType = wrapper.cfbundle; includeInIndex = 0; path = YiUITests.xctest; sourceTree = BUILT_PRODUCTS_DIR; };
		19EA5A4423B7328C00C8DDD9 /* YiUITests.swift */ = {isa = PBXFileReference; lastKnownFileType = sourcecode.swift; path = YiUITests.swift; sourceTree = "<group>"; };
		19EA5A4623B7328C00C8DDD9 /* Info.plist */ = {isa = PBXFileReference; lastKnownFileType = text.plist.xml; path = Info.plist; sourceTree = "<group>"; };
		19EA5A5423B7330500C8DDD9 /* ReadMainVC_Yi.swift */ = {isa = PBXFileReference; lastKnownFileType = sourcecode.swift; path = ReadMainVC_Yi.swift; sourceTree = "<group>"; };
		19EA5A5523B7330500C8DDD9 /* ReadMainVC_Yi.xib */ = {isa = PBXFileReference; lastKnownFileType = file.xib; path = ReadMainVC_Yi.xib; sourceTree = "<group>"; };
		19EA5A5A23B73AFA00C8DDD9 /* String+Extension.swift */ = {isa = PBXFileReference; lastKnownFileType = sourcecode.swift; path = "String+Extension.swift"; sourceTree = "<group>"; };
		19EA5A5E23B7407600C8DDD9 /* HomeViewController.swift */ = {isa = PBXFileReference; lastKnownFileType = sourcecode.swift; path = HomeViewController.swift; sourceTree = "<group>"; };
		19EA5A5F23B7407600C8DDD9 /* HomeViewController.xib */ = {isa = PBXFileReference; lastKnownFileType = file.xib; path = HomeViewController.xib; sourceTree = "<group>"; };
		2A3EE128E5559B254CB3535A /* Pods-Yi.release.xcconfig */ = {isa = PBXFileReference; includeInIndex = 1; lastKnownFileType = text.xcconfig; name = "Pods-Yi.release.xcconfig"; path = "Target Support Files/Pods-Yi/Pods-Yi.release.xcconfig"; sourceTree = "<group>"; };
		B2586C1001627CB7ADB0285A /* Pods_Yi.framework */ = {isa = PBXFileReference; explicitFileType = wrapper.framework; includeInIndex = 0; path = Pods_Yi.framework; sourceTree = BUILT_PRODUCTS_DIR; };
		F466EC24805E2DB83CE03415 /* Pods-Yi.debug.xcconfig */ = {isa = PBXFileReference; includeInIndex = 1; lastKnownFileType = text.xcconfig; name = "Pods-Yi.debug.xcconfig"; path = "Target Support Files/Pods-Yi/Pods-Yi.debug.xcconfig"; sourceTree = "<group>"; };
/* End PBXFileReference section */

/* Begin PBXFrameworksBuildPhase section */
		19EA5A1C23B7328A00C8DDD9 /* Frameworks */ = {
			isa = PBXFrameworksBuildPhase;
			buildActionMask = 2147483647;
			files = (
				229B44126917A6D2C701917F /* Pods_Yi.framework in Frameworks */,
			);
			runOnlyForDeploymentPostprocessing = 0;
		};
		19EA5A3223B7328C00C8DDD9 /* Frameworks */ = {
			isa = PBXFrameworksBuildPhase;
			buildActionMask = 2147483647;
			files = (
			);
			runOnlyForDeploymentPostprocessing = 0;
		};
		19EA5A3D23B7328C00C8DDD9 /* Frameworks */ = {
			isa = PBXFrameworksBuildPhase;
			buildActionMask = 2147483647;
			files = (
			);
			runOnlyForDeploymentPostprocessing = 0;
		};
/* End PBXFrameworksBuildPhase section */

/* Begin PBXGroup section */
		19EA5A1623B7328A00C8DDD9 = {
			isa = PBXGroup;
			children = (
				19EA5A2123B7328A00C8DDD9 /* Yi */,
				19EA5A3823B7328C00C8DDD9 /* YiTests */,
				19EA5A4323B7328C00C8DDD9 /* YiUITests */,
				19EA5A2023B7328A00C8DDD9 /* Products */,
				461A06A46420E7F5AD8CBDBC /* Pods */,
				9F92B23C19A5B580D2F862CC /* Frameworks */,
			);
			sourceTree = "<group>";
		};
		19EA5A2023B7328A00C8DDD9 /* Products */ = {
			isa = PBXGroup;
			children = (
				19EA5A1F23B7328A00C8DDD9 /* Yi.app */,
				19EA5A3523B7328C00C8DDD9 /* YiTests.xctest */,
				19EA5A4023B7328C00C8DDD9 /* YiUITests.xctest */,
			);
			name = Products;
			sourceTree = "<group>";
		};
		19EA5A2123B7328A00C8DDD9 /* Yi */ = {
			isa = PBXGroup;
			children = (
				19EA5A5923B73AEA00C8DDD9 /* Extension */,
				19EA5A2223B7328A00C8DDD9 /* AppDelegate.swift */,
				19EA5A2423B7328A00C8DDD9 /* SceneDelegate.swift */,
				19EA5A5E23B7407600C8DDD9 /* HomeViewController.swift */,
				19EA5A5F23B7407600C8DDD9 /* HomeViewController.xib */,
				19EA5A2B23B7328C00C8DDD9 /* Assets.xcassets */,
				19EA5A2D23B7328C00C8DDD9 /* LaunchScreen.storyboard */,
				19EA5A3023B7328C00C8DDD9 /* Info.plist */,
				19EA5A5223B732CE00C8DDD9 /* Yi_Read */,
			);
			path = Yi;
			sourceTree = "<group>";
		};
		19EA5A3823B7328C00C8DDD9 /* YiTests */ = {
			isa = PBXGroup;
			children = (
				19EA5A3923B7328C00C8DDD9 /* YiTests.swift */,
				19EA5A3B23B7328C00C8DDD9 /* Info.plist */,
			);
			path = YiTests;
			sourceTree = "<group>";
		};
		19EA5A4323B7328C00C8DDD9 /* YiUITests */ = {
			isa = PBXGroup;
			children = (
				19EA5A4423B7328C00C8DDD9 /* YiUITests.swift */,
				19EA5A4623B7328C00C8DDD9 /* Info.plist */,
			);
			path = YiUITests;
			sourceTree = "<group>";
		};
		19EA5A5223B732CE00C8DDD9 /* Yi_Read */ = {
			isa = PBXGroup;
			children = (
				19EA5A5323B732D900C8DDD9 /* ViewController */,
			);
			path = Yi_Read;
			sourceTree = "<group>";
		};
		19EA5A5323B732D900C8DDD9 /* ViewController */ = {
			isa = PBXGroup;
			children = (
				19EA5A5423B7330500C8DDD9 /* ReadMainVC_Yi.swift */,
				19EA5A5523B7330500C8DDD9 /* ReadMainVC_Yi.xib */,
			);
			path = ViewController;
			sourceTree = "<group>";
		};
		19EA5A5923B73AEA00C8DDD9 /* Extension */ = {
			isa = PBXGroup;
			children = (
				19EA5A5A23B73AFA00C8DDD9 /* String+Extension.swift */,
			);
			path = Extension;
			sourceTree = "<group>";
		};
		461A06A46420E7F5AD8CBDBC /* Pods */ = {
			isa = PBXGroup;
			children = (
				F466EC24805E2DB83CE03415 /* Pods-Yi.debug.xcconfig */,
				2A3EE128E5559B254CB3535A /* Pods-Yi.release.xcconfig */,
			);
			name = Pods;
			path = Pods;
			sourceTree = "<group>";
		};
		9F92B23C19A5B580D2F862CC /* Frameworks */ = {
			isa = PBXGroup;
			children = (
				B2586C1001627CB7ADB0285A /* Pods_Yi.framework */,
			);
			name = Frameworks;
			sourceTree = "<group>";
		};
/* End PBXGroup section */

/* Begin PBXNativeTarget section */
		19EA5A1E23B7328A00C8DDD9 /* Yi */ = {
			isa = PBXNativeTarget;
			buildConfigurationList = 19EA5A4923B7328C00C8DDD9 /* Build configuration list for PBXNativeTarget "Yi" */;
			buildPhases = (
				0AA2A44187443E217DAB98EE /* [CP] Check Pods Manifest.lock */,
				19EA5A1B23B7328A00C8DDD9 /* Sources */,
				19EA5A1C23B7328A00C8DDD9 /* Frameworks */,
				19EA5A1D23B7328A00C8DDD9 /* Resources */,
				D1C4C5E3C861DA0392670ED1 /* [CP] Embed Pods Frameworks */,
			);
			buildRules = (
			);
			dependencies = (
			);
			name = Yi;
			productName = Yi;
			productReference = 19EA5A1F23B7328A00C8DDD9 /* Yi.app */;
			productType = "com.apple.product-type.application";
		};
		19EA5A3423B7328C00C8DDD9 /* YiTests */ = {
			isa = PBXNativeTarget;
			buildConfigurationList = 19EA5A4C23B7328C00C8DDD9 /* Build configuration list for PBXNativeTarget "YiTests" */;
			buildPhases = (
				19EA5A3123B7328C00C8DDD9 /* Sources */,
				19EA5A3223B7328C00C8DDD9 /* Frameworks */,
				19EA5A3323B7328C00C8DDD9 /* Resources */,
			);
			buildRules = (
			);
			dependencies = (
				19EA5A3723B7328C00C8DDD9 /* PBXTargetDependency */,
			);
			name = YiTests;
			productName = YiTests;
			productReference = 19EA5A3523B7328C00C8DDD9 /* YiTests.xctest */;
			productType = "com.apple.product-type.bundle.unit-test";
		};
		19EA5A3F23B7328C00C8DDD9 /* YiUITests */ = {
			isa = PBXNativeTarget;
			buildConfigurationList = 19EA5A4F23B7328C00C8DDD9 /* Build configuration list for PBXNativeTarget "YiUITests" */;
			buildPhases = (
				19EA5A3C23B7328C00C8DDD9 /* Sources */,
				19EA5A3D23B7328C00C8DDD9 /* Frameworks */,
				19EA5A3E23B7328C00C8DDD9 /* Resources */,
			);
			buildRules = (
			);
			dependencies = (
				19EA5A4223B7328C00C8DDD9 /* PBXTargetDependency */,
			);
			name = YiUITests;
			productName = YiUITests;
			productReference = 19EA5A4023B7328C00C8DDD9 /* YiUITests.xctest */;
			productType = "com.apple.product-type.bundle.ui-testing";
		};
/* End PBXNativeTarget section */

/* Begin PBXProject section */
		19EA5A1723B7328A00C8DDD9 /* Project object */ = {
			isa = PBXProject;
			attributes = {
				LastSwiftUpdateCheck = 1110;
				LastUpgradeCheck = 1110;
				ORGANIZATIONNAME = "易";
				TargetAttributes = {
					19EA5A1E23B7328A00C8DDD9 = {
						CreatedOnToolsVersion = 11.1;
					};
					19EA5A3423B7328C00C8DDD9 = {
						CreatedOnToolsVersion = 11.1;
						TestTargetID = 19EA5A1E23B7328A00C8DDD9;
					};
					19EA5A3F23B7328C00C8DDD9 = {
						CreatedOnToolsVersion = 11.1;
						TestTargetID = 19EA5A1E23B7328A00C8DDD9;
					};
				};
			};
			buildConfigurationList = 19EA5A1A23B7328A00C8DDD9 /* Build configuration list for PBXProject "Yi" */;
			compatibilityVersion = "Xcode 9.3";
			developmentRegion = en;
			hasScannedForEncodings = 0;
			knownRegions = (
				en,
				Base,
			);
			mainGroup = 19EA5A1623B7328A00C8DDD9;
			productRefGroup = 19EA5A2023B7328A00C8DDD9 /* Products */;
			projectDirPath = "";
			projectRoot = "";
			targets = (
				19EA5A1E23B7328A00C8DDD9 /* Yi */,
				19EA5A3423B7328C00C8DDD9 /* YiTests */,
				19EA5A3F23B7328C00C8DDD9 /* YiUITests */,
			);
		};
/* End PBXProject section */

/* Begin PBXResourcesBuildPhase section */
		19EA5A1D23B7328A00C8DDD9 /* Resources */ = {
			isa = PBXResourcesBuildPhase;
			buildActionMask = 2147483647;
			files = (
				19EA5A2F23B7328C00C8DDD9 /* LaunchScreen.storyboard in Resources */,
				19EA5A5723B7330500C8DDD9 /* ReadMainVC_Yi.xib in Resources */,
				19EA5A2C23B7328C00C8DDD9 /* Assets.xcassets in Resources */,
				19EA5A6123B7407600C8DDD9 /* HomeViewController.xib in Resources */,
			);
			runOnlyForDeploymentPostprocessing = 0;
		};
		19EA5A3323B7328C00C8DDD9 /* Resources */ = {
			isa = PBXResourcesBuildPhase;
			buildActionMask = 2147483647;
			files = (
			);
			runOnlyForDeploymentPostprocessing = 0;
		};
		19EA5A3E23B7328C00C8DDD9 /* Resources */ = {
			isa = PBXResourcesBuildPhase;
			buildActionMask = 2147483647;
			files = (
			);
			runOnlyForDeploymentPostprocessing = 0;
		};
/* End PBXResourcesBuildPhase section */

/* Begin PBXShellScriptBuildPhase section */
		0AA2A44187443E217DAB98EE /* [CP] Check Pods Manifest.lock */ = {
			isa = PBXShellScriptBuildPhase;
			buildActionMask = 2147483647;
			files = (
			);
			inputFileListPaths = (
			);
			inputPaths = (
				"${PODS_PODFILE_DIR_PATH}/Podfile.lock",
				"${PODS_ROOT}/Manifest.lock",
			);
			name = "[CP] Check Pods Manifest.lock";
			outputFileListPaths = (
			);
			outputPaths = (
				"$(DERIVED_FILE_DIR)/Pods-Yi-checkManifestLockResult.txt",
			);
			runOnlyForDeploymentPostprocessing = 0;
			shellPath = /bin/sh;
			shellScript = "diff \"${PODS_PODFILE_DIR_PATH}/Podfile.lock\" \"${PODS_ROOT}/Manifest.lock\" > /dev/null\nif [ $? != 0 ] ; then\n    # print error to STDERR\n    echo \"error: The sandbox is not in sync with the Podfile.lock. Run 'pod install' or update your CocoaPods installation.\" >&2\n    exit 1\nfi\n# This output is used by Xcode 'outputs' to avoid re-running this script phase.\necho \"SUCCESS\" > \"${SCRIPT_OUTPUT_FILE_0}\"\n";
			showEnvVarsInLog = 0;
		};
		D1C4C5E3C861DA0392670ED1 /* [CP] Embed Pods Frameworks */ = {
			isa = PBXShellScriptBuildPhase;
			buildActionMask = 2147483647;
			files = (
			);
			inputFileListPaths = (
				"${PODS_ROOT}/Target Support Files/Pods-Yi/Pods-Yi-frameworks-${CONFIGURATION}-input-files.xcfilelist",
			);
			name = "[CP] Embed Pods Frameworks";
			outputFileListPaths = (
				"${PODS_ROOT}/Target Support Files/Pods-Yi/Pods-Yi-frameworks-${CONFIGURATION}-output-files.xcfilelist",
			);
			runOnlyForDeploymentPostprocessing = 0;
			shellPath = /bin/sh;
			shellScript = "\"${PODS_ROOT}/Target Support Files/Pods-Yi/Pods-Yi-frameworks.sh\"\n";
			showEnvVarsInLog = 0;
		};
/* End PBXShellScriptBuildPhase section */

/* Begin PBXSourcesBuildPhase section */
		19EA5A1B23B7328A00C8DDD9 /* Sources */ = {
			isa = PBXSourcesBuildPhase;
			buildActionMask = 2147483647;
			files = (
				19EA5A6023B7407600C8DDD9 /* HomeViewController.swift in Sources */,
				19EA5A5623B7330500C8DDD9 /* ReadMainVC_Yi.swift in Sources */,
				19EA5A2323B7328A00C8DDD9 /* AppDelegate.swift in Sources */,
				19EA5A5B23B73AFA00C8DDD9 /* String+Extension.swift in Sources */,
				19EA5A2523B7328A00C8DDD9 /* SceneDelegate.swift in Sources */,
			);
			runOnlyForDeploymentPostprocessing = 0;
		};
		19EA5A3123B7328C00C8DDD9 /* Sources */ = {
			isa = PBXSourcesBuildPhase;
			buildActionMask = 2147483647;
			files = (
				19EA5A3A23B7328C00C8DDD9 /* YiTests.swift in Sources */,
			);
			runOnlyForDeploymentPostprocessing = 0;
		};
		19EA5A3C23B7328C00C8DDD9 /* Sources */ = {
			isa = PBXSourcesBuildPhase;
			buildActionMask = 2147483647;
			files = (
				19EA5A4523B7328C00C8DDD9 /* YiUITests.swift in Sources */,
			);
			runOnlyForDeploymentPostprocessing = 0;
		};
/* End PBXSourcesBuildPhase section */

/* Begin PBXTargetDependency section */
		19EA5A3723B7328C00C8DDD9 /* PBXTargetDependency */ = {
			isa = PBXTargetDependency;
			target = 19EA5A1E23B7328A00C8DDD9 /* Yi */;
			targetProxy = 19EA5A3623B7328C00C8DDD9 /* PBXContainerItemProxy */;
		};
		19EA5A4223B7328C00C8DDD9 /* PBXTargetDependency */ = {
			isa = PBXTargetDependency;
			target = 19EA5A1E23B7328A00C8DDD9 /* Yi */;
			targetProxy = 19EA5A4123B7328C00C8DDD9 /* PBXContainerItemProxy */;
		};
/* End PBXTargetDependency section */

/* Begin PBXVariantGroup section */
		19EA5A2D23B7328C00C8DDD9 /* LaunchScreen.storyboard */ = {
			isa = PBXVariantGroup;
			children = (
				19EA5A2E23B7328C00C8DDD9 /* Base */,
			);
			name = LaunchScreen.storyboard;
			sourceTree = "<group>";
		};
/* End PBXVariantGroup section */

/* Begin XCBuildConfiguration section */
		19EA5A4723B7328C00C8DDD9 /* Debug */ = {
			isa = XCBuildConfiguration;
			buildSettings = {
				ALWAYS_SEARCH_USER_PATHS = NO;
				CLANG_ANALYZER_NONNULL = YES;
				CLANG_ANALYZER_NUMBER_OBJECT_CONVERSION = YES_AGGRESSIVE;
				CLANG_CXX_LANGUAGE_STANDARD = "gnu++14";
				CLANG_CXX_LIBRARY = "libc++";
				CLANG_ENABLE_MODULES = YES;
				CLANG_ENABLE_OBJC_ARC = YES;
				CLANG_ENABLE_OBJC_WEAK = YES;
				CLANG_WARN_BLOCK_CAPTURE_AUTORELEASING = YES;
				CLANG_WARN_BOOL_CONVERSION = YES;
				CLANG_WARN_COMMA = YES;
				CLANG_WARN_CONSTANT_CONVERSION = YES;
				CLANG_WARN_DEPRECATED_OBJC_IMPLEMENTATIONS = YES;
				CLANG_WARN_DIRECT_OBJC_ISA_USAGE = YES_ERROR;
				CLANG_WARN_DOCUMENTATION_COMMENTS = YES;
				CLANG_WARN_EMPTY_BODY = YES;
				CLANG_WARN_ENUM_CONVERSION = YES;
				CLANG_WARN_INFINITE_RECURSION = YES;
				CLANG_WARN_INT_CONVERSION = YES;
				CLANG_WARN_NON_LITERAL_NULL_CONVERSION = YES;
				CLANG_WARN_OBJC_IMPLICIT_RETAIN_SELF = YES;
				CLANG_WARN_OBJC_LITERAL_CONVERSION = YES;
				CLANG_WARN_OBJC_ROOT_CLASS = YES_ERROR;
				CLANG_WARN_RANGE_LOOP_ANALYSIS = YES;
				CLANG_WARN_STRICT_PROTOTYPES = YES;
				CLANG_WARN_SUSPICIOUS_MOVE = YES;
				CLANG_WARN_UNGUARDED_AVAILABILITY = YES_AGGRESSIVE;
				CLANG_WARN_UNREACHABLE_CODE = YES;
				CLANG_WARN__DUPLICATE_METHOD_MATCH = YES;
				COPY_PHASE_STRIP = NO;
				DEBUG_INFORMATION_FORMAT = dwarf;
				ENABLE_STRICT_OBJC_MSGSEND = YES;
				ENABLE_TESTABILITY = YES;
				GCC_C_LANGUAGE_STANDARD = gnu11;
				GCC_DYNAMIC_NO_PIC = NO;
				GCC_NO_COMMON_BLOCKS = YES;
				GCC_OPTIMIZATION_LEVEL = 0;
				GCC_PREPROCESSOR_DEFINITIONS = (
					"DEBUG=1",
					"$(inherited)",
				);
				GCC_WARN_64_TO_32_BIT_CONVERSION = YES;
				GCC_WARN_ABOUT_RETURN_TYPE = YES_ERROR;
				GCC_WARN_UNDECLARED_SELECTOR = YES;
				GCC_WARN_UNINITIALIZED_AUTOS = YES_AGGRESSIVE;
				GCC_WARN_UNUSED_FUNCTION = YES;
				GCC_WARN_UNUSED_VARIABLE = YES;
				IPHONEOS_DEPLOYMENT_TARGET = 13.0;
				MTL_ENABLE_DEBUG_INFO = INCLUDE_SOURCE;
				MTL_FAST_MATH = YES;
				ONLY_ACTIVE_ARCH = YES;
				SDKROOT = iphoneos;
				SWIFT_ACTIVE_COMPILATION_CONDITIONS = DEBUG;
				SWIFT_OPTIMIZATION_LEVEL = "-Onone";
			};
			name = Debug;
		};
		19EA5A4823B7328C00C8DDD9 /* Release */ = {
			isa = XCBuildConfiguration;
			buildSettings = {
				ALWAYS_SEARCH_USER_PATHS = NO;
				CLANG_ANALYZER_NONNULL = YES;
				CLANG_ANALYZER_NUMBER_OBJECT_CONVERSION = YES_AGGRESSIVE;
				CLANG_CXX_LANGUAGE_STANDARD = "gnu++14";
				CLANG_CXX_LIBRARY = "libc++";
				CLANG_ENABLE_MODULES = YES;
				CLANG_ENABLE_OBJC_ARC = YES;
				CLANG_ENABLE_OBJC_WEAK = YES;
				CLANG_WARN_BLOCK_CAPTURE_AUTORELEASING = YES;
				CLANG_WARN_BOOL_CONVERSION = YES;
				CLANG_WARN_COMMA = YES;
				CLANG_WARN_CONSTANT_CONVERSION = YES;
				CLANG_WARN_DEPRECATED_OBJC_IMPLEMENTATIONS = YES;
				CLANG_WARN_DIRECT_OBJC_ISA_USAGE = YES_ERROR;
				CLANG_WARN_DOCUMENTATION_COMMENTS = YES;
				CLANG_WARN_EMPTY_BODY = YES;
				CLANG_WARN_ENUM_CONVERSION = YES;
				CLANG_WARN_INFINITE_RECURSION = YES;
				CLANG_WARN_INT_CONVERSION = YES;
				CLANG_WARN_NON_LITERAL_NULL_CONVERSION = YES;
				CLANG_WARN_OBJC_IMPLICIT_RETAIN_SELF = YES;
				CLANG_WARN_OBJC_LITERAL_CONVERSION = YES;
				CLANG_WARN_OBJC_ROOT_CLASS = YES_ERROR;
				CLANG_WARN_RANGE_LOOP_ANALYSIS = YES;
				CLANG_WARN_STRICT_PROTOTYPES = YES;
				CLANG_WARN_SUSPICIOUS_MOVE = YES;
				CLANG_WARN_UNGUARDED_AVAILABILITY = YES_AGGRESSIVE;
				CLANG_WARN_UNREACHABLE_CODE = YES;
				CLANG_WARN__DUPLICATE_METHOD_MATCH = YES;
				COPY_PHASE_STRIP = NO;
				DEBUG_INFORMATION_FORMAT = "dwarf-with-dsym";
				ENABLE_NS_ASSERTIONS = NO;
				ENABLE_STRICT_OBJC_MSGSEND = YES;
				GCC_C_LANGUAGE_STANDARD = gnu11;
				GCC_NO_COMMON_BLOCKS = YES;
				GCC_WARN_64_TO_32_BIT_CONVERSION = YES;
				GCC_WARN_ABOUT_RETURN_TYPE = YES_ERROR;
				GCC_WARN_UNDECLARED_SELECTOR = YES;
				GCC_WARN_UNINITIALIZED_AUTOS = YES_AGGRESSIVE;
				GCC_WARN_UNUSED_FUNCTION = YES;
				GCC_WARN_UNUSED_VARIABLE = YES;
				IPHONEOS_DEPLOYMENT_TARGET = 13.0;
				MTL_ENABLE_DEBUG_INFO = NO;
				MTL_FAST_MATH = YES;
				SDKROOT = iphoneos;
				SWIFT_COMPILATION_MODE = wholemodule;
				SWIFT_OPTIMIZATION_LEVEL = "-O";
				VALIDATE_PRODUCT = YES;
			};
			name = Release;
		};
		19EA5A4A23B7328C00C8DDD9 /* Debug */ = {
			isa = XCBuildConfiguration;
			baseConfigurationReference = F466EC24805E2DB83CE03415 /* Pods-Yi.debug.xcconfig */;
			buildSettings = {
				ASSETCATALOG_COMPILER_APPICON_NAME = AppIcon;
				CODE_SIGN_STYLE = Automatic;
				DEVELOPMENT_TEAM = PXKP46WTDZ;
				INFOPLIST_FILE = Yi/Info.plist;
				LD_RUNPATH_SEARCH_PATHS = (
					"$(inherited)",
					"@executable_path/Frameworks",
				);
				PRODUCT_BUNDLE_IDENTIFIER = t.Yi;
				PRODUCT_NAME = "$(TARGET_NAME)";
				SWIFT_VERSION = 5.0;
				TARGETED_DEVICE_FAMILY = 1;
			};
			name = Debug;
		};
		19EA5A4B23B7328C00C8DDD9 /* Release */ = {
			isa = XCBuildConfiguration;
			baseConfigurationReference = 2A3EE128E5559B254CB3535A /* Pods-Yi.release.xcconfig */;
			buildSettings = {
				ASSETCATALOG_COMPILER_APPICON_NAME = AppIcon;
				CODE_SIGN_STYLE = Automatic;
				DEVELOPMENT_TEAM = PXKP46WTDZ;
				INFOPLIST_FILE = Yi/Info.plist;
				LD_RUNPATH_SEARCH_PATHS = (
					"$(inherited)",
					"@executable_path/Frameworks",
				);
				PRODUCT_BUNDLE_IDENTIFIER = t.Yi;
				PRODUCT_NAME = "$(TARGET_NAME)";
				SWIFT_VERSION = 5.0;
				TARGETED_DEVICE_FAMILY = 1;
			};
			name = Release;
		};
		19EA5A4D23B7328C00C8DDD9 /* Debug */ = {
			isa = XCBuildConfiguration;
			buildSettings = {
				ALWAYS_EMBED_SWIFT_STANDARD_LIBRARIES = YES;
				BUNDLE_LOADER = "$(TEST_HOST)";
				CODE_SIGN_STYLE = Automatic;
				DEVELOPMENT_TEAM = PXKP46WTDZ;
				INFOPLIST_FILE = YiTests/Info.plist;
				IPHONEOS_DEPLOYMENT_TARGET = 13.1;
				LD_RUNPATH_SEARCH_PATHS = (
					"$(inherited)",
					"@executable_path/Frameworks",
					"@loader_path/Frameworks",
				);
				PRODUCT_BUNDLE_IDENTIFIER = t.YiTests;
				PRODUCT_NAME = "$(TARGET_NAME)";
				SWIFT_VERSION = 5.0;
				TARGETED_DEVICE_FAMILY = "1,2";
				TEST_HOST = "$(BUILT_PRODUCTS_DIR)/Yi.app/Yi";
			};
			name = Debug;
		};
		19EA5A4E23B7328C00C8DDD9 /* Release */ = {
			isa = XCBuildConfiguration;
			buildSettings = {
				ALWAYS_EMBED_SWIFT_STANDARD_LIBRARIES = YES;
				BUNDLE_LOADER = "$(TEST_HOST)";
				CODE_SIGN_STYLE = Automatic;
				DEVELOPMENT_TEAM = PXKP46WTDZ;
				INFOPLIST_FILE = YiTests/Info.plist;
				IPHONEOS_DEPLOYMENT_TARGET = 13.1;
				LD_RUNPATH_SEARCH_PATHS = (
					"$(inherited)",
					"@executable_path/Frameworks",
					"@loader_path/Frameworks",
				);
				PRODUCT_BUNDLE_IDENTIFIER = t.YiTests;
				PRODUCT_NAME = "$(TARGET_NAME)";
				SWIFT_VERSION = 5.0;
				TARGETED_DEVICE_FAMILY = "1,2";
				TEST_HOST = "$(BUILT_PRODUCTS_DIR)/Yi.app/Yi";
			};
			name = Release;
		};
		19EA5A5023B7328C00C8DDD9 /* Debug */ = {
			isa = XCBuildConfiguration;
			buildSettings = {
				ALWAYS_EMBED_SWIFT_STANDARD_LIBRARIES = YES;
				CODE_SIGN_STYLE = Automatic;
				DEVELOPMENT_TEAM = PXKP46WTDZ;
				INFOPLIST_FILE = YiUITests/Info.plist;
				LD_RUNPATH_SEARCH_PATHS = (
					"$(inherited)",
					"@executable_path/Frameworks",
					"@loader_path/Frameworks",
				);
				PRODUCT_BUNDLE_IDENTIFIER = t.YiUITests;
				PRODUCT_NAME = "$(TARGET_NAME)";
				SWIFT_VERSION = 5.0;
				TARGETED_DEVICE_FAMILY = "1,2";
				TEST_TARGET_NAME = Yi;
			};
			name = Debug;
		};
		19EA5A5123B7328C00C8DDD9 /* Release */ = {
			isa = XCBuildConfiguration;
			buildSettings = {
				ALWAYS_EMBED_SWIFT_STANDARD_LIBRARIES = YES;
				CODE_SIGN_STYLE = Automatic;
				DEVELOPMENT_TEAM = PXKP46WTDZ;
				INFOPLIST_FILE = YiUITests/Info.plist;
				LD_RUNPATH_SEARCH_PATHS = (
					"$(inherited)",
					"@executable_path/Frameworks",
					"@loader_path/Frameworks",
				);
				PRODUCT_BUNDLE_IDENTIFIER = t.YiUITests;
				PRODUCT_NAME = "$(TARGET_NAME)";
				SWIFT_VERSION = 5.0;
				TARGETED_DEVICE_FAMILY = "1,2";
				TEST_TARGET_NAME = Yi;
			};
			name = Release;
		};
/* End XCBuildConfiguration section */

/* Begin XCConfigurationList section */
		19EA5A1A23B7328A00C8DDD9 /* Build configuration list for PBXProject "Yi" */ = {
			isa = XCConfigurationList;
			buildConfigurations = (
				19EA5A4723B7328C00C8DDD9 /* Debug */,
				19EA5A4823B7328C00C8DDD9 /* Release */,
			);
			defaultConfigurationIsVisible = 0;
			defaultConfigurationName = Release;
		};
		19EA5A4923B7328C00C8DDD9 /* Build configuration list for PBXNativeTarget "Yi" */ = {
			isa = XCConfigurationList;
			buildConfigurations = (
				19EA5A4A23B7328C00C8DDD9 /* Debug */,
				19EA5A4B23B7328C00C8DDD9 /* Release */,
			);
			defaultConfigurationIsVisible = 0;
			defaultConfigurationName = Release;
		};
		19EA5A4C23B7328C00C8DDD9 /* Build configuration list for PBXNativeTarget "YiTests" */ = {
			isa = XCConfigurationList;
			buildConfigurations = (
				19EA5A4D23B7328C00C8DDD9 /* Debug */,
				19EA5A4E23B7328C00C8DDD9 /* Release */,
			);
			defaultConfigurationIsVisible = 0;
			defaultConfigurationName = Release;
		};
		19EA5A4F23B7328C00C8DDD9 /* Build configuration list for PBXNativeTarget "YiUITests" */ = {
			isa = XCConfigurationList;
			buildConfigurations = (
				19EA5A5023B7328C00C8DDD9 /* Debug */,
				19EA5A5123B7328C00C8DDD9 /* Release */,
			);
			defaultConfigurationIsVisible = 0;
			defaultConfigurationName = Release;
		};
/* End XCConfigurationList section */
	};
	rootObject = 19EA5A1723B7328A00C8DDD9 /* Project object */;
}
